
Microsoft Visual Studio Solution File, Format Version 12.00
# Visual Studio 15
VisualStudioVersion = 15.0.27703.2047
MinimumVisualStudioVersion = 10.0.40219.1
Project("{FAE04EC0-301F-11D3-BF4B-00C04F79EFBC}") = "CommonTool", "CommonTool.csproj", "{6746457E-67B3-4023-BB82-06489C312D7F}"
EndProject
Global
	GlobalSection(SolutionConfigurationPlatforms) = preSolution
		Debug|Any CPU = Debug|Any CPU
		Release|Any CPU = Release|Any CPU
	EndGlobalSection
	GlobalSection(ProjectConfigurationPlatforms) = postSolution
		{6746457E-67B3-4023-BB82-06489C312D7F}.Debug|Any CPU.ActiveCfg = Debug|Any CPU
		{6746457E-67B3-4023-BB82-06489C312D7F}.Debug|Any CPU.Build.0 = Debug|Any CPU
		{6746457E-67B3-4023-BB82-06489C312D7F}.Release|Any CPU.ActiveCfg = Release|Any CPU
		{6746457E-67B3-4023-BB82-06489C312D7F}.Release|Any CPU.Build.0 = Release|Any CPU
	EndGlobalSection
	GlobalSection(SolutionProperties) = preSolution
		HideSolutionNode = FALSE
	EndGlobalSection
	GlobalSection(ExtensibilityGlobals) = postSolution
		SolutionGuid = {93CC7992-0D93-4B7C-9C33-155AEEF95325}
	EndGlobalSection
EndGlobal
