
Microsoft Visual Studio Solution File, Format Version 12.00
# Visual Studio 14
VisualStudioVersion = 14.0.25420.1
MinimumVisualStudioVersion = 10.0.40219.1
Project("{FAE04EC0-301F-11D3-BF4B-00C04F79EFBC}") = "MVCWebSite", "MVCWebSite\MVCWebSite.csproj", "{0944D0CE-DDB1-42C7-A174-79C2716EE552}"
	ProjectSection(ProjectDependencies) = postProject
		{51AD204A-41D8-4656-AC60-37A417A59209} = {51AD204A-41D8-4656-AC60-37A417A59209}
	EndProjectSection
EndProject
Project("{FAE04EC0-301F-11D3-BF4B-00C04F79EFBC}") = "WebServices", "WebServices\WebServices.csproj", "{51AD204A-41D8-4656-AC60-37A417A59209}"
EndProject
Project("{FAE04EC0-301F-11D3-BF4B-00C04F79EFBC}") = "MVCWebSite02", "MVCWebSite02\MVCWebSite02.csproj", "{E201F587-1E97-4426-A9C8-AD057C984647}"
EndProject
Project("{FAE04EC0-301F-11D3-BF4B-00C04F79EFBC}") = "WebFormSite", "WebFormSite\WebFormSite.csproj", "{E4533784-272E-4D5F-9A4A-AC4347AFE9D5}"
EndProject
Global
	GlobalSection(SolutionConfigurationPlatforms) = preSolution
		Debug|Any CPU = Debug|Any CPU
		Release|Any CPU = Release|Any CPU
	EndGlobalSection
	GlobalSection(ProjectConfigurationPlatforms) = postSolution
		{0944D0CE-DDB1-42C7-A174-79C2716EE552}.Debug|Any CPU.ActiveCfg = Debug|Any CPU
		{0944D0CE-DDB1-42C7-A174-79C2716EE552}.Debug|Any CPU.Build.0 = Debug|Any CPU
		{0944D0CE-DDB1-42C7-A174-79C2716EE552}.Release|Any CPU.ActiveCfg = Release|Any CPU
		{0944D0CE-DDB1-42C7-A174-79C2716EE552}.Release|Any CPU.Build.0 = Release|Any CPU
		{51AD204A-41D8-4656-AC60-37A417A59209}.Debug|Any CPU.ActiveCfg = Debug|Any CPU
		{51AD204A-41D8-4656-AC60-37A417A59209}.Debug|Any CPU.Build.0 = Debug|Any CPU
		{51AD204A-41D8-4656-AC60-37A417A59209}.Release|Any CPU.ActiveCfg = Release|Any CPU
		{51AD204A-41D8-4656-AC60-37A417A59209}.Release|Any CPU.Build.0 = Release|Any CPU
		{E201F587-1E97-4426-A9C8-AD057C984647}.Debug|Any CPU.ActiveCfg = Debug|Any CPU
		{E201F587-1E97-4426-A9C8-AD057C984647}.Debug|Any CPU.Build.0 = Debug|Any CPU
		{E201F587-1E97-4426-A9C8-AD057C984647}.Release|Any CPU.ActiveCfg = Release|Any CPU
		{E201F587-1E97-4426-A9C8-AD057C984647}.Release|Any CPU.Build.0 = Release|Any CPU
		{E4533784-272E-4D5F-9A4A-AC4347AFE9D5}.Debug|Any CPU.ActiveCfg = Debug|Any CPU
		{E4533784-272E-4D5F-9A4A-AC4347AFE9D5}.Debug|Any CPU.Build.0 = Debug|Any CPU
		{E4533784-272E-4D5F-9A4A-AC4347AFE9D5}.Release|Any CPU.ActiveCfg = Release|Any CPU
		{E4533784-272E-4D5F-9A4A-AC4347AFE9D5}.Release|Any CPU.Build.0 = Release|Any CPU
	EndGlobalSection
	GlobalSection(SolutionProperties) = preSolution
		HideSolutionNode = FALSE
	EndGlobalSection
EndGlobal
