
Microsoft Visual Studio Solution File, Format Version 12.00
# Visual Studio 15
VisualStudioVersion = 15.0.27703.2047
MinimumVisualStudioVersion = 10.0.40219.1
Project("{FAE04EC0-301F-11D3-BF4B-00C04F79EFBC}") = "WebServices", "WebServices\WebServices.csproj", "{51AD204A-41D8-4656-AC60-37A417A59209}"
EndProject
Project("{FAE04EC0-301F-11D3-BF4B-00C04F79EFBC}") = "WebFormSite", "WebFormSite\WebFormSite.csproj", "{E4533784-272E-4D5F-9A4A-AC4347AFE9D5}"
EndProject
Project("{FAE04EC0-301F-11D3-BF4B-00C04F79EFBC}") = "VerifyCodeDemo", "VerifyCodeDemo\VerifyCodeDemo.csproj", "{C612168D-1460-49EF-80C7-83E12B50127C}"
EndProject
Project("{FAE04EC0-301F-11D3-BF4B-00C04F79EFBC}") = "ConsoleApplication", "ConsoleApplication\ConsoleApplication.csproj", "{A0348C76-347C-413A-BC5B-39C25D601EA5}"
EndProject
Project("{FAE04EC0-301F-11D3-BF4B-00C04F79EFBC}") = "ASPDotNetMvc", "ASPDotNetMvc\ASPDotNetMvc.csproj", "{FEA4560F-87BC-4B11-9D95-6781CF595230}"
EndProject
Global
	GlobalSection(SolutionConfigurationPlatforms) = preSolution
		Debug|Any CPU = Debug|Any CPU
		Release|Any CPU = Release|Any CPU
	EndGlobalSection
	GlobalSection(ProjectConfigurationPlatforms) = postSolution
		{51AD204A-41D8-4656-AC60-37A417A59209}.Debug|Any CPU.ActiveCfg = Debug|Any CPU
		{51AD204A-41D8-4656-AC60-37A417A59209}.Debug|Any CPU.Build.0 = Debug|Any CPU
		{51AD204A-41D8-4656-AC60-37A417A59209}.Release|Any CPU.ActiveCfg = Release|Any CPU
		{51AD204A-41D8-4656-AC60-37A417A59209}.Release|Any CPU.Build.0 = Release|Any CPU
		{E4533784-272E-4D5F-9A4A-AC4347AFE9D5}.Debug|Any CPU.ActiveCfg = Debug|Any CPU
		{E4533784-272E-4D5F-9A4A-AC4347AFE9D5}.Debug|Any CPU.Build.0 = Debug|Any CPU
		{E4533784-272E-4D5F-9A4A-AC4347AFE9D5}.Release|Any CPU.ActiveCfg = Release|Any CPU
		{E4533784-272E-4D5F-9A4A-AC4347AFE9D5}.Release|Any CPU.Build.0 = Release|Any CPU
		{C612168D-1460-49EF-80C7-83E12B50127C}.Debug|Any CPU.ActiveCfg = Debug|Any CPU
		{C612168D-1460-49EF-80C7-83E12B50127C}.Debug|Any CPU.Build.0 = Debug|Any CPU
		{C612168D-1460-49EF-80C7-83E12B50127C}.Release|Any CPU.ActiveCfg = Release|Any CPU
		{C612168D-1460-49EF-80C7-83E12B50127C}.Release|Any CPU.Build.0 = Release|Any CPU
		{A0348C76-347C-413A-BC5B-39C25D601EA5}.Debug|Any CPU.ActiveCfg = Debug|Any CPU
		{A0348C76-347C-413A-BC5B-39C25D601EA5}.Debug|Any CPU.Build.0 = Debug|Any CPU
		{A0348C76-347C-413A-BC5B-39C25D601EA5}.Release|Any CPU.ActiveCfg = Release|Any CPU
		{A0348C76-347C-413A-BC5B-39C25D601EA5}.Release|Any CPU.Build.0 = Release|Any CPU
		{FEA4560F-87BC-4B11-9D95-6781CF595230}.Debug|Any CPU.ActiveCfg = Debug|Any CPU
		{FEA4560F-87BC-4B11-9D95-6781CF595230}.Debug|Any CPU.Build.0 = Debug|Any CPU
		{FEA4560F-87BC-4B11-9D95-6781CF595230}.Release|Any CPU.ActiveCfg = Release|Any CPU
		{FEA4560F-87BC-4B11-9D95-6781CF595230}.Release|Any CPU.Build.0 = Release|Any CPU
	EndGlobalSection
	GlobalSection(SolutionProperties) = preSolution
		HideSolutionNode = FALSE
	EndGlobalSection
	GlobalSection(ExtensibilityGlobals) = postSolution
		SolutionGuid = {04648122-1A3E-4C47-8843-C7DA6636020D}
	EndGlobalSection
EndGlobal
